
Microsoft Visual Studio Solution File, Format Version 12.00
# Visual Studio Version 17
VisualStudioVersion = 17.9.34701.34
MinimumVisualStudioVersion = 10.0.40219.1
Project("{FAE04EC0-301F-11D3-BF4B-00C04F79EFBC}") = "ReactMVC2024.Server", "ReactMVC2024.Server\ReactMVC2024.Server.csproj", "{46178967-4725-4FF0-A45B-3150217E9E28}"
EndProject
Project("{54A90642-561A-4BB1-A94E-469ADEE60C69}") = "reactmvc2024.client", "reactmvc2024.client\reactmvc2024.client.esproj", "{F4088F36-54E6-4BB4-BBAB-4581D90DA6C6}"
EndProject
Global
	GlobalSection(SolutionConfigurationPlatforms) = preSolution
		Debug|Any CPU = Debug|Any CPU
		Release|Any CPU = Release|Any CPU
	EndGlobalSection
	GlobalSection(ProjectConfigurationPlatforms) = postSolution
		{46178967-4725-4FF0-A45B-3150217E9E28}.Debug|Any CPU.ActiveCfg = Debug|Any CPU
		{46178967-4725-4FF0-A45B-3150217E9E28}.Debug|Any CPU.Build.0 = Debug|Any CPU
		{46178967-4725-4FF0-A45B-3150217E9E28}.Release|Any CPU.ActiveCfg = Release|Any CPU
		{46178967-4725-4FF0-A45B-3150217E9E28}.Release|Any CPU.Build.0 = Release|Any CPU
		{F4088F36-54E6-4BB4-BBAB-4581D90DA6C6}.Debug|Any CPU.ActiveCfg = Debug|Any CPU
		{F4088F36-54E6-4BB4-BBAB-4581D90DA6C6}.Debug|Any CPU.Build.0 = Debug|Any CPU
		{F4088F36-54E6-4BB4-BBAB-4581D90DA6C6}.Debug|Any CPU.Deploy.0 = Debug|Any CPU
		{F4088F36-54E6-4BB4-BBAB-4581D90DA6C6}.Release|Any CPU.ActiveCfg = Release|Any CPU
		{F4088F36-54E6-4BB4-BBAB-4581D90DA6C6}.Release|Any CPU.Build.0 = Release|Any CPU
		{F4088F36-54E6-4BB4-BBAB-4581D90DA6C6}.Release|Any CPU.Deploy.0 = Release|Any CPU
	EndGlobalSection
	GlobalSection(SolutionProperties) = preSolution
		HideSolutionNode = FALSE
	EndGlobalSection
	GlobalSection(ExtensibilityGlobals) = postSolution
		SolutionGuid = {CBDF2E8B-F42D-4CA2-91B5-6064E2BE154B}
	EndGlobalSection
EndGlobal
